{
  "lockfile_version": "1",
  "packages": {
    "cargo@1.97.0": {
      "last_modified": "2026-07-23T05:10:05Z",
      "resolved": "github:NixOS/nixpkgs/7525d999cd850b9a488817abc89c75dc733acf17#cargo",
      "source": "devbox-search",
      "version": "1.97.0",
      "systems": {
        "aarch64-darwin": {
          "outputs": [
            {
              "name": "out",
              "path": "/nix/store/dl8ydfqs2ilm1p26baiqi6zh68jxsyii-cargo-1.97.0",
              "default": true
            }
          ],
          "store_path": "/nix/store/dl8ydfqs2ilm1p26baiqi6zh68jxsyii-cargo-1.97.0"
        },
        "aarch64-linux": {
          "outputs": [
            {
              "name": "out",
              "path": "/nix/store/lp3dyvgayzmnc1zdml5sq6iazfysd0az-cargo-1.97.0",
              "default": true
            }
          ],
          "store_path": "/nix/store/lp3dyvgayzmnc1zdml5sq6iazfysd0az-cargo-1.97.0"
        },
        "x86_64-linux": {
          "outputs": [
            {
              "name": "out",
              "path": "/nix/store/l7v00m55rb130bhql2kr74pq8sdpl41c-cargo-1.97.0",
              "default": true
            }
          ],
          "store_path": "/nix/store/l7v00m55rb130bhql2kr74pq8sdpl41c-cargo-1.97.0"
        }
      }
    },
    "github:NixOS/nixpkgs/nixpkgs-unstable": {
      "last_modified": "2026-07-20T13:48:30Z",
      "resolved": "github:NixOS/nixpkgs/421eebfd0ec7bccd4abe826ce62d7e6e83129493?lastModified=1784555310"
    },
    "go@latest": {
      "last_modified": "2026-07-23T05:10:05Z",
      "resolved": "github:NixOS/nixpkgs/7525d999cd850b9a488817abc89c75dc733acf17#go",
      "source": "devbox-search",
      "version": "1.26.5",
      "systems": {
        "aarch64-darwin": {
          "outputs": [
            {
              "name": "out",
              "path": "/nix/store/naw4mj4s58ymzlc10a76y79m40w3wfpp-go-1.26.5",
              "default": true
            }
          ],
          "store_path": "/nix/store/naw4mj4s58ymzlc10a76y79m40w3wfpp-go-1.26.5"
        },
        "aarch64-linux": {
          "outputs": [
            {
              "name": "out",
              "path": "/nix/store/fhg6v8k9hbqpr4b2zcmd099afxh7qxw0-go-1.26.5",
              "default": true
            }
          ],
          "store_path": "/nix/store/fhg6v8k9hbqpr4b2zcmd099afxh7qxw0-go-1.26.5"
        },
        "x86_64-linux": {
          "outputs": [
            {
              "name": "out",
              "path": "/nix/store/rcz9i4msbg3178grqll9h98b07dwk7zg-go-1.26.5",
              "default": true
            }
          ],
          "store_path": "/nix/store/rcz9i4msbg3178grqll9h98b07dwk7zg-go-1.26.5"
        }
      }
    },
    "lld@21.1.8": {
      "last_modified": "2026-07-23T05:10:05Z",
      "resolved": "github:NixOS/nixpkgs/7525d999cd850b9a488817abc89c75dc733acf17#lld",
      "source": "devbox-search",
      "version": "21.1.8",
      "systems": {
        "aarch64-darwin": {
          "outputs": [
            {
              "name": "out",
              "path": "/nix/store/rvd5p9klf2sg0ark04asbl2r3bsqkw5g-lld-21.1.8",
              "default": true
            },
            {
              "name": "dev",
              "path": "/nix/store/yrv49ah7dvjif9m9rz5npgyk3bmykmmx-lld-21.1.8-dev"
            },
            {
              "name": "lib",
              "path": "/nix/store/jy5w90wlgzpbq6frcpx96xi0l8f9z7mx-lld-21.1.8-lib"
            }
          ],
          "store_path": "/nix/store/rvd5p9klf2sg0ark04asbl2r3bsqkw5g-lld-21.1.8"
        },
        "aarch64-linux": {
          "outputs": [
            {
              "name": "out",
              "path": "/nix/store/5mydaqynv7rm53aikk0km9kkpscf17sg-lld-21.1.8",
              "default": true
            },
            {
              "name": "lib",
              "path": "/nix/store/q66gpy9mlsw408j4yvx3vhv4da6i2lyd-lld-21.1.8-lib"
            },
            {
              "name": "dev",
              "path": "/nix/store/jq9633f4jsj51w0as2sxzccf7db6czik-lld-21.1.8-dev"
            }
          ],
          "store_path": "/nix/store/5mydaqynv7rm53aikk0km9kkpscf17sg-lld-21.1.8"
        },
        "x86_64-darwin": {
          "outputs": [
            {
              "name": "out",
              "path": "/nix/store/dh3jdy9spvwid6zmy9gwzryrzzy2klj7-lld-21.1.8",
              "default": true
            },
            {
              "name": "dev",
              "path": "/nix/store/5g6px1lsfxdx4lsjs3sjcnal5h1v18fq-lld-21.1.8-dev"
            },
            {
              "name": "lib",
              "path": "/nix/store/npkdhvan7cywww0d3qrxhkh3g1vs4gjb-lld-21.1.8-lib"
            }
          ],
          "store_path": "/nix/store/dh3jdy9spvwid6zmy9gwzryrzzy2klj7-lld-21.1.8"
        },
        "x86_64-linux": {
          "outputs": [
            {
              "name": "out",
              "path": "/nix/store/vc9x6pbk1vdyxyph73qlgsxci8hqpq8z-lld-21.1.8",
              "default": true
            },
            {
              "name": "dev",
              "path": "/nix/store/46r55kbdmr6fx3rs36xbnma816anzsbk-lld-21.1.8-dev"
            },
            {
              "name": "lib",
              "path": "/nix/store/vbdqgiw3lx5nvamx1wl2fg3pkr9m0c5g-lld-21.1.8-lib"
            }
          ],
          "store_path": "/nix/store/vc9x6pbk1vdyxyph73qlgsxci8hqpq8z-lld-21.1.8"
        }
      }
    },
    "nodejs@24": {
      "last_modified": "2025-12-27T12:56:01Z",
      "plugin_version": "0.0.2",
      "resolved": "github:NixOS/nixpkgs/3edc4a30ed3903fdf6f90c837f961fa6b49582d1#nodejs_24",
      "source": "devbox-search",
      "version": "24.12.0",
      "systems": {
        "aarch64-darwin": {
          "outputs": [
            {
              "name": "out",
              "path": "/nix/store/b1h0af3yb3z9jz048phclcqw6ihiww67-nodejs-24.12.0",
              "default": true
            },
            {
              "name": "dev",
              "path": "/nix/store/ksn4nj0nbp0ikmh4scy9x4biqqdswwhy-nodejs-24.12.0-dev"
            },
            {
              "name": "libv8",
              "path": "/nix/store/3x72bm7l30ib7l7cximrp0sklcq8jqwy-nodejs-24.12.0-libv8"
            }
          ],
          "store_path": "/nix/store/b1h0af3yb3z9jz048phclcqw6ihiww67-nodejs-24.12.0"
        },
        "aarch64-linux": {
          "outputs": [
            {
              "name": "out",
              "path": "/nix/store/9jfsyhcr9c6rpm94lrkibv75jkggvwss-nodejs-24.12.0",
              "default": true
            },
            {
              "name": "dev",
              "path": "/nix/store/7izhv9x1yvsmyrhmmyps6bxjjclajm80-nodejs-24.12.0-dev"
            },
            {
              "name": "libv8",
              "path": "/nix/store/8hl74pnc1qyz68rg10ixw7fz32hcxqkk-nodejs-24.12.0-libv8"
            }
          ],
          "store_path": "/nix/store/9jfsyhcr9c6rpm94lrkibv75jkggvwss-nodejs-24.12.0"
        },
        "x86_64-darwin": {
          "outputs": [
            {
              "name": "out",
              "path": "/nix/store/cj1243xswxvnwgifyiyg8axhn0r2vl48-nodejs-24.12.0",
              "default": true
            },
            {
              "name": "dev",
              "path": "/nix/store/kzia3rkaf9vwpn3py23q9v49jpjm6zx7-nodejs-24.12.0-dev"
            },
            {
              "name": "libv8",
              "path": "/nix/store/xszji81xj7ghjhz7jk0jkhb84nfwyd8f-nodejs-24.12.0-libv8"
            }
          ],
          "store_path": "/nix/store/cj1243xswxvnwgifyiyg8axhn0r2vl48-nodejs-24.12.0"
        },
        "x86_64-linux": {
          "outputs": [
            {
              "name": "out",
              "path": "/nix/store/9z1v3wyrxp6fpyzw21lcakd5w7aknzyc-nodejs-24.12.0",
              "default": true
            },
            {
              "name": "libv8",
              "path": "/nix/store/5yvx909wlis13qd2y1ahwl7ij21ma69a-nodejs-24.12.0-libv8"
            },
            {
              "name": "dev",
              "path": "/nix/store/7ll99p08gmpg0n048669p80zjibl5akr-nodejs-24.12.0-dev"
            }
          ],
          "store_path": "/nix/store/9z1v3wyrxp6fpyzw21lcakd5w7aknzyc-nodejs-24.12.0"
        }
      }
    },
    "python@3.12": {
      "last_modified": "2026-07-23T05:10:05Z",
      "plugin_version": "0.0.4",
      "resolved": "github:NixOS/nixpkgs/7525d999cd850b9a488817abc89c75dc733acf17#python312",
      "source": "devbox-search",
      "version": "3.12.13",
      "systems": {
        "aarch64-darwin": {
          "outputs": [
            {
              "name": "out",
              "path": "/nix/store/35431qn4axza0424ngjxvvignhxq1x8h-python3-3.12.13",
              "default": true
            }
          ],
          "store_path": "/nix/store/35431qn4axza0424ngjxvvignhxq1x8h-python3-3.12.13"
        },
        "aarch64-linux": {
          "outputs": [
            {
              "name": "out",
              "path": "/nix/store/rjvmgqhshnh748qfsjlfbzi4gmsabvjv-python3-3.12.13",
              "default": true
            },
            {
              "name": "debug",
              "path": "/nix/store/k2m14q70jl24l0icxjq4bfymfgx9gg76-python3-3.12.13-debug"
            }
          ],
          "store_path": "/nix/store/rjvmgqhshnh748qfsjlfbzi4gmsabvjv-python3-3.12.13"
        },
        "x86_64-darwin": {
          "outputs": [
            {
              "name": "out",
              "path": "/nix/store/afd3xzw8afbbr1dsqjvb6xg2a5gah4vg-python3-3.12.13",
              "default": true
            }
          ],
          "store_path": "/nix/store/afd3xzw8afbbr1dsqjvb6xg2a5gah4vg-python3-3.12.13"
        },
        "x86_64-linux": {
          "outputs": [
            {
              "name": "out",
              "path": "/nix/store/zm1bfv9agv7v007kn3cylf8hjd2wbkrb-python3-3.12.13",
              "default": true
            },
            {
              "name": "debug",
              "path": "/nix/store/0lmfig373n5fkvb4f6w00j6y9wy65vri-python3-3.12.13-debug"
            }
          ],
          "store_path": "/nix/store/zm1bfv9agv7v007kn3cylf8hjd2wbkrb-python3-3.12.13"
        }
      }
    },
    "rustc@1.97.0": {
      "last_modified": "2026-07-23T05:10:05Z",
      "plugin_version": "0.0.1",
      "resolved": "github:NixOS/nixpkgs/7525d999cd850b9a488817abc89c75dc733acf17#rustc",
      "source": "devbox-search",
      "version": "1.97.0",
      "systems": {
        "aarch64-darwin": {
          "outputs": [
            {
              "name": "out",
              "path": "/nix/store/zc86y3qlir5sz52wwfsxgibgbvr9zvfs-rustc-wrapper-1.97.0",
              "default": true
            },
            {
              "name": "man",
              "path": "/nix/store/nl5i76zrhnvdv96m10gvllcw1cibx3kf-rustc-wrapper-1.97.0-man",
              "default": true
            },
            {
              "name": "doc",
              "path": "/nix/store/pc05v0bvacr9bnsvddrf0md37zkj29dj-rustc-wrapper-1.97.0-doc"
            }
          ],
          "store_path": "/nix/store/zc86y3qlir5sz52wwfsxgibgbvr9zvfs-rustc-wrapper-1.97.0"
        },
        "aarch64-linux": {
          "outputs": [
            {
              "name": "out",
              "path": "/nix/store/zbjqiyva7jjqb2m8drxj17306zkn0lmc-rustc-wrapper-1.97.0",
              "default": true
            },
            {
              "name": "man",
              "path": "/nix/store/cng3lybfqzr10wzpdxmsb236magpb4nk-rustc-wrapper-1.97.0-man",
              "default": true
            },
            {
              "name": "doc",
              "path": "/nix/store/sq2qc9vlxybv30nw13n29rlia1fz52lv-rustc-wrapper-1.97.0-doc"
            }
          ],
          "store_path": "/nix/store/zbjqiyva7jjqb2m8drxj17306zkn0lmc-rustc-wrapper-1.97.0"
        },
        "x86_64-linux": {
          "outputs": [
            {
              "name": "out",
              "path": "/nix/store/h6c2mbpmxih3mfadhvl6jzf090n419yv-rustc-wrapper-1.97.0",
              "default": true
            },
            {
              "name": "man",
              "path": "/nix/store/kpynwsfikb91k3i4jyvj8ggz68p2hfai-rustc-wrapper-1.97.0-man",
              "default": true
            },
            {
              "name": "doc",
              "path": "/nix/store/q2nc6mlp8yivnyxr6cg8m71nahrnjgdg-rustc-wrapper-1.97.0-doc"
            }
          ],
          "store_path": "/nix/store/h6c2mbpmxih3mfadhvl6jzf090n419yv-rustc-wrapper-1.97.0"
        }
      }
    },
    "wac-cli@0.10.1": {
      "last_modified": "2026-07-23T05:10:05Z",
      "resolved": "github:NixOS/nixpkgs/7525d999cd850b9a488817abc89c75dc733acf17#wac-cli",
      "source": "devbox-search",
      "version": "0.10.1",
      "systems": {
        "aarch64-darwin": {
          "outputs": [
            {
              "name": "out",
              "path": "/nix/store/9cxq797c6l6ra5lry6kf6dbcs3zk611p-wac-cli-0.10.1",
              "default": true
            }
          ],
          "store_path": "/nix/store/9cxq797c6l6ra5lry6kf6dbcs3zk611p-wac-cli-0.10.1"
        },
        "aarch64-linux": {
          "outputs": [
            {
              "name": "out",
              "path": "/nix/store/ddywijbb5nrkyjw51hdmy5wcz0m5rz34-wac-cli-0.10.1",
              "default": true
            }
          ],
          "store_path": "/nix/store/ddywijbb5nrkyjw51hdmy5wcz0m5rz34-wac-cli-0.10.1"
        },
        "x86_64-darwin": {
          "outputs": [
            {
              "name": "out",
              "path": "/nix/store/2chiw3b1nw27507gyj8fy0nmi2pw7vdn-wac-cli-0.10.1",
              "default": true
            }
          ],
          "store_path": "/nix/store/2chiw3b1nw27507gyj8fy0nmi2pw7vdn-wac-cli-0.10.1"
        },
        "x86_64-linux": {
          "outputs": [
            {
              "name": "out",
              "path": "/nix/store/q5lq63j48jxa8rp9hid0zrlm04r0cyfn-wac-cli-0.10.1",
              "default": true
            }
          ],
          "store_path": "/nix/store/q5lq63j48jxa8rp9hid0zrlm04r0cyfn-wac-cli-0.10.1"
        }
      }
    },
    "wasm-tools@1.254.0": {
      "last_modified": "2026-07-23T05:10:05Z",
      "resolved": "github:NixOS/nixpkgs/7525d999cd850b9a488817abc89c75dc733acf17#wasm-tools",
      "source": "devbox-search",
      "version": "1.254.0",
      "systems": {
        "aarch64-darwin": {
          "outputs": [
            {
              "name": "out",
              "path": "/nix/store/09bafajjcfkmhyj2jfwn7gy3brj5bn19-wasm-tools-1.254.0",
              "default": true
            }
          ],
          "store_path": "/nix/store/09bafajjcfkmhyj2jfwn7gy3brj5bn19-wasm-tools-1.254.0"
        },
        "aarch64-linux": {
          "outputs": [
            {
              "name": "out",
              "path": "/nix/store/g3vk9fm27h30abgzx9rqsdkx0v7m7w7p-wasm-tools-1.254.0",
              "default": true
            }
          ],
          "store_path": "/nix/store/g3vk9fm27h30abgzx9rqsdkx0v7m7w7p-wasm-tools-1.254.0"
        },
        "x86_64-linux": {
          "outputs": [
            {
              "name": "out",
              "path": "/nix/store/xki50s5c2kywyy89y21y0vq2lmvj81h6-wasm-tools-1.254.0",
              "default": true
            }
          ],
          "store_path": "/nix/store/xki50s5c2kywyy89y21y0vq2lmvj81h6-wasm-tools-1.254.0"
        }
      }
    }
  }
}
